
Microsoft Visual Studio Solution File, Format Version 12.00
# Visual Studio 15
Project("{FAE04EC0-301F-11D3-BF4B-00C04F79EFBC}") = "Assembly-CSharp", "Assembly-CSharp.csproj", "{264E3F0A-CAEA-02E2-101B-8AD0B9CF7254}"
EndProject
Project("{FAE04EC0-301F-11D3-BF4B-00C04F79EFBC}") = "Assembly-CSharp-Editor", "Assembly-CSharp-Editor.csproj", "{5851E83D-83A7-D850-1C90-47704B295364}"
EndProject
Global
	GlobalSection(SolutionConfigurationPlatforms) = preSolution
		Debug|Any CPU = Debug|Any CPU
		Release|Any CPU = Release|Any CPU
	EndGlobalSection
	GlobalSection(ProjectConfigurationPlatforms) = postSolution
		{264E3F0A-CAEA-02E2-101B-8AD0B9CF7254}.Debug|Any CPU.ActiveCfg = Debug|Any CPU
		{264E3F0A-CAEA-02E2-101B-8AD0B9CF7254}.Debug|Any CPU.Build.0 = Debug|Any CPU
		{264E3F0A-CAEA-02E2-101B-8AD0B9CF7254}.Release|Any CPU.ActiveCfg = Release|Any CPU
		{264E3F0A-CAEA-02E2-101B-8AD0B9CF7254}.Release|Any CPU.Build.0 = Release|Any CPU
		{5851E83D-83A7-D850-1C90-47704B295364}.Debug|Any CPU.ActiveCfg = Debug|Any CPU
		{5851E83D-83A7-D850-1C90-47704B295364}.Debug|Any CPU.Build.0 = Debug|Any CPU
		{5851E83D-83A7-D850-1C90-47704B295364}.Release|Any CPU.ActiveCfg = Release|Any CPU
		{5851E83D-83A7-D850-1C90-47704B295364}.Release|Any CPU.Build.0 = Release|Any CPU
	EndGlobalSection
	GlobalSection(SolutionProperties) = preSolution
		HideSolutionNode = FALSE
	EndGlobalSection
EndGlobal
